
Microsoft Visual Studio Solution File, Format Version 12.00
# Visual Studio Version 16
VisualStudioVersion = 16.0.29020.237
MinimumVisualStudioVersion = 10.0.40219.1
Project("{9A19103F-16F7-4668-BE54-9A1E7A4F7556}") = "Abp.Blog.Domain", "src\Abp.Blog.Domain\Abp.Blog.Domain.csproj", "{554AD327-6DBA-4F8F-96F8-81CE7A0C863F}"
EndProject
Project("{9A19103F-16F7-4668-BE54-9A1E7A4F7556}") = "Abp.Blog.Application", "src\Abp.Blog.Application\Abp.Blog.Application.csproj", "{1A94A50E-06DC-43C1-80B5-B662820EC3EB}"
EndProject
Project("{9A19103F-16F7-4668-BE54-9A1E7A4F7556}") = "Abp.Blog.EntityFrameworkCore", "src\Abp.Blog.EntityFrameworkCore\Abp.Blog.EntityFrameworkCore.csproj", "{C956DD76-69C8-4A9C-83EA-D17DF83340FD}"
EndProject
Project("{9A19103F-16F7-4668-BE54-9A1E7A4F7556}") = "Abp.Blog.HttpApi.Hosting", "src\Abp.Blog.HttpApi.Hosting\Abp.Blog.HttpApi.Hosting.csproj", "{068855E8-9240-4F1A-910B-CF825794513B}"
EndProject
Project("{2150E333-8FDC-42A3-9474-1A3956D46DE8}") = "src", "src", "{CA9AC87F-097E-4F15-8393-4BC07735A5B0}"
EndProject
Project("{9A19103F-16F7-4668-BE54-9A1E7A4F7556}") = "Abp.Blog.EntityFrameworkCore.DbMigrations", "src\Abp.Blog.EntityFrameworkCore.DbMigrations\Abp.Blog.EntityFrameworkCore.DbMigrations.csproj", "{0372FA84-C517-4EB3-9A9F-B9ACAC0CA5E0}"
EndProject
Project("{9A19103F-16F7-4668-BE54-9A1E7A4F7556}") = "Abp.Blog.Domain.Shared", "src\Abp.Blog.Domain.Shared\Abp.Blog.Domain.Shared.csproj", "{42F719ED-8413-4895-B5B4-5AB56079BC66}"
EndProject
Project("{9A19103F-16F7-4668-BE54-9A1E7A4F7556}") = "Abp.Blog.Application.Contracts", "src\Abp.Blog.Application.Contracts\Abp.Blog.Application.Contracts.csproj", "{520659C8-C734-4298-A3DA-B539DB9DFC0B}"
EndProject
Project("{9A19103F-16F7-4668-BE54-9A1E7A4F7556}") = "Abp.Blog.HttpApi", "src\Abp.Blog.HttpApi\Abp.Blog.HttpApi.csproj", "{4164BDF7-F527-4E85-9CE6-E3C2D7426A27}"
EndProject
Project("{FAE04EC0-301F-11D3-BF4B-00C04F79EFBC}") = "Abp.Blog.Application.Caching", "src\Abp.Blog.Application.Caching\Abp.Blog.Application.Caching.csproj", "{8176240E-F1E0-4250-9A32-461C2F26C728}"
EndProject
Project("{FAE04EC0-301F-11D3-BF4B-00C04F79EFBC}") = "Abp.Blog.BackgroundJobs", "src\Abp.Blog.BackgroundJobs\Abp.Blog.BackgroundJobs.csproj", "{6CA5909F-A5A5-4F1D-856C-D7697D0479AB}"
EndProject
Project("{FAE04EC0-301F-11D3-BF4B-00C04F79EFBC}") = "Abp.Blog.Swagger", "src\Abp.Blog.Swagger\Abp.Blog.Swagger.csproj", "{155E766E-E503-443F-AF76-6AE0611D9384}"
EndProject
Project("{FAE04EC0-301F-11D3-BF4B-00C04F79EFBC}") = "Abp.Blog.ToolKits", "src\Abp.Blog.ToolKits\Abp.Blog.ToolKits.csproj", "{C33DD080-0A6E-4AF6-9825-8150631C8D60}"
EndProject
Project("{2150E333-8FDC-42A3-9474-1A3956D46DE8}") = "solution-items", "solution-items", "{731730B9-645C-430A-AB05-3FC2BED63614}"
      ProjectSection(SolutionItems) = preProject
            .gitattributes = .gitattributes
            .gitignore = .gitignore
            common.props = common.props
            LICENSE = LICENSE
            README.md = README.md
      EndProjectSection
EndProject
Global
	GlobalSection(SolutionConfigurationPlatforms) = preSolution
		Debug|Any CPU = Debug|Any CPU
		Release|Any CPU = Release|Any CPU
	EndGlobalSection
	GlobalSection(ProjectConfigurationPlatforms) = postSolution
		{554AD327-6DBA-4F8F-96F8-81CE7A0C863F}.Debug|Any CPU.ActiveCfg = Debug|Any CPU
		{554AD327-6DBA-4F8F-96F8-81CE7A0C863F}.Debug|Any CPU.Build.0 = Debug|Any CPU
		{554AD327-6DBA-4F8F-96F8-81CE7A0C863F}.Release|Any CPU.ActiveCfg = Release|Any CPU
		{554AD327-6DBA-4F8F-96F8-81CE7A0C863F}.Release|Any CPU.Build.0 = Release|Any CPU
		{1A94A50E-06DC-43C1-80B5-B662820EC3EB}.Debug|Any CPU.ActiveCfg = Debug|Any CPU
		{1A94A50E-06DC-43C1-80B5-B662820EC3EB}.Debug|Any CPU.Build.0 = Debug|Any CPU
		{1A94A50E-06DC-43C1-80B5-B662820EC3EB}.Release|Any CPU.ActiveCfg = Release|Any CPU
		{1A94A50E-06DC-43C1-80B5-B662820EC3EB}.Release|Any CPU.Build.0 = Release|Any CPU
		{C956DD76-69C8-4A9C-83EA-D17DF83340FD}.Debug|Any CPU.ActiveCfg = Debug|Any CPU
		{C956DD76-69C8-4A9C-83EA-D17DF83340FD}.Debug|Any CPU.Build.0 = Debug|Any CPU
		{C956DD76-69C8-4A9C-83EA-D17DF83340FD}.Release|Any CPU.ActiveCfg = Release|Any CPU
		{C956DD76-69C8-4A9C-83EA-D17DF83340FD}.Release|Any CPU.Build.0 = Release|Any CPU
		{068855E8-9240-4F1A-910B-CF825794513B}.Debug|Any CPU.ActiveCfg = Debug|Any CPU
		{068855E8-9240-4F1A-910B-CF825794513B}.Debug|Any CPU.Build.0 = Debug|Any CPU
		{068855E8-9240-4F1A-910B-CF825794513B}.Release|Any CPU.ActiveCfg = Release|Any CPU
		{068855E8-9240-4F1A-910B-CF825794513B}.Release|Any CPU.Build.0 = Release|Any CPU
		{0372FA84-C517-4EB3-9A9F-B9ACAC0CA5E0}.Debug|Any CPU.ActiveCfg = Debug|Any CPU
		{0372FA84-C517-4EB3-9A9F-B9ACAC0CA5E0}.Debug|Any CPU.Build.0 = Debug|Any CPU
		{0372FA84-C517-4EB3-9A9F-B9ACAC0CA5E0}.Release|Any CPU.ActiveCfg = Release|Any CPU
		{0372FA84-C517-4EB3-9A9F-B9ACAC0CA5E0}.Release|Any CPU.Build.0 = Release|Any CPU
		{42F719ED-8413-4895-B5B4-5AB56079BC66}.Debug|Any CPU.ActiveCfg = Debug|Any CPU
		{42F719ED-8413-4895-B5B4-5AB56079BC66}.Debug|Any CPU.Build.0 = Debug|Any CPU
		{42F719ED-8413-4895-B5B4-5AB56079BC66}.Release|Any CPU.ActiveCfg = Release|Any CPU
		{42F719ED-8413-4895-B5B4-5AB56079BC66}.Release|Any CPU.Build.0 = Release|Any CPU
		{520659C8-C734-4298-A3DA-B539DB9DFC0B}.Debug|Any CPU.ActiveCfg = Debug|Any CPU
		{520659C8-C734-4298-A3DA-B539DB9DFC0B}.Debug|Any CPU.Build.0 = Debug|Any CPU
		{520659C8-C734-4298-A3DA-B539DB9DFC0B}.Release|Any CPU.ActiveCfg = Release|Any CPU
		{520659C8-C734-4298-A3DA-B539DB9DFC0B}.Release|Any CPU.Build.0 = Release|Any CPU
		{4164BDF7-F527-4E85-9CE6-E3C2D7426A27}.Debug|Any CPU.ActiveCfg = Debug|Any CPU
		{4164BDF7-F527-4E85-9CE6-E3C2D7426A27}.Debug|Any CPU.Build.0 = Debug|Any CPU
		{4164BDF7-F527-4E85-9CE6-E3C2D7426A27}.Release|Any CPU.ActiveCfg = Release|Any CPU
		{4164BDF7-F527-4E85-9CE6-E3C2D7426A27}.Release|Any CPU.Build.0 = Release|Any CPU
		{8176240E-F1E0-4250-9A32-461C2F26C728}.Debug|Any CPU.ActiveCfg = Debug|Any CPU
		{8176240E-F1E0-4250-9A32-461C2F26C728}.Debug|Any CPU.Build.0 = Debug|Any CPU
		{8176240E-F1E0-4250-9A32-461C2F26C728}.Release|Any CPU.ActiveCfg = Release|Any CPU
		{8176240E-F1E0-4250-9A32-461C2F26C728}.Release|Any CPU.Build.0 = Release|Any CPU
		{6CA5909F-A5A5-4F1D-856C-D7697D0479AB}.Debug|Any CPU.ActiveCfg = Debug|Any CPU
		{6CA5909F-A5A5-4F1D-856C-D7697D0479AB}.Debug|Any CPU.Build.0 = Debug|Any CPU
		{6CA5909F-A5A5-4F1D-856C-D7697D0479AB}.Release|Any CPU.ActiveCfg = Release|Any CPU
		{6CA5909F-A5A5-4F1D-856C-D7697D0479AB}.Release|Any CPU.Build.0 = Release|Any CPU
		{155E766E-E503-443F-AF76-6AE0611D9384}.Debug|Any CPU.ActiveCfg = Debug|Any CPU
		{155E766E-E503-443F-AF76-6AE0611D9384}.Debug|Any CPU.Build.0 = Debug|Any CPU
		{155E766E-E503-443F-AF76-6AE0611D9384}.Release|Any CPU.ActiveCfg = Release|Any CPU
		{155E766E-E503-443F-AF76-6AE0611D9384}.Release|Any CPU.Build.0 = Release|Any CPU
		{C33DD080-0A6E-4AF6-9825-8150631C8D60}.Debug|Any CPU.ActiveCfg = Debug|Any CPU
		{C33DD080-0A6E-4AF6-9825-8150631C8D60}.Debug|Any CPU.Build.0 = Debug|Any CPU
		{C33DD080-0A6E-4AF6-9825-8150631C8D60}.Release|Any CPU.ActiveCfg = Release|Any CPU
		{C33DD080-0A6E-4AF6-9825-8150631C8D60}.Release|Any CPU.Build.0 = Release|Any CPU
	EndGlobalSection
	GlobalSection(SolutionProperties) = preSolution
		HideSolutionNode = FALSE
	EndGlobalSection
	GlobalSection(NestedProjects) = preSolution
		{554AD327-6DBA-4F8F-96F8-81CE7A0C863F} = {CA9AC87F-097E-4F15-8393-4BC07735A5B0}
		{1A94A50E-06DC-43C1-80B5-B662820EC3EB} = {CA9AC87F-097E-4F15-8393-4BC07735A5B0}
		{C956DD76-69C8-4A9C-83EA-D17DF83340FD} = {CA9AC87F-097E-4F15-8393-4BC07735A5B0}
		{068855E8-9240-4F1A-910B-CF825794513B} = {CA9AC87F-097E-4F15-8393-4BC07735A5B0}
		{0372FA84-C517-4EB3-9A9F-B9ACAC0CA5E0} = {CA9AC87F-097E-4F15-8393-4BC07735A5B0}
		{42F719ED-8413-4895-B5B4-5AB56079BC66} = {CA9AC87F-097E-4F15-8393-4BC07735A5B0}
		{520659C8-C734-4298-A3DA-B539DB9DFC0B} = {CA9AC87F-097E-4F15-8393-4BC07735A5B0}
		{4164BDF7-F527-4E85-9CE6-E3C2D7426A27} = {CA9AC87F-097E-4F15-8393-4BC07735A5B0}
		{8176240E-F1E0-4250-9A32-461C2F26C728} = {CA9AC87F-097E-4F15-8393-4BC07735A5B0}
		{6CA5909F-A5A5-4F1D-856C-D7697D0479AB} = {CA9AC87F-097E-4F15-8393-4BC07735A5B0}
		{155E766E-E503-443F-AF76-6AE0611D9384} = {CA9AC87F-097E-4F15-8393-4BC07735A5B0}
		{C33DD080-0A6E-4AF6-9825-8150631C8D60} = {CA9AC87F-097E-4F15-8393-4BC07735A5B0}
	EndGlobalSection
	GlobalSection(ExtensibilityGlobals) = postSolution
		SolutionGuid = {28315BFD-90E7-4E14-A2EA-F3D23AF4126F}
	EndGlobalSection
EndGlobal
